
Microsoft Visual Studio Solution File, Format Version 12.00
# Visual Studio Version 17
VisualStudioVersion = 17.13.35828.75 d17.13
MinimumVisualStudioVersion = 10.0.40219.1
Project("{FAE04EC0-301F-11D3-BF4B-00C04F79EFBC}") = "EmployeeManagement", "EmployeeManagement\EmployeeManagement.csproj", "{6A1A7A87-F652-4E77-896B-C2F7ABD6682A}"
EndProject
Project("{FAE04EC0-301F-11D3-BF4B-00C04F79EFBC}") = "IdentityServer", "IdentityServer\IdentityServer.csproj", "{0F7F1A08-3534-44E7-9FCA-25CD55521C34}"
EndProject
Global
	GlobalSection(SolutionConfigurationPlatforms) = preSolution
		Debug|Any CPU = Debug|Any CPU
		Release|Any CPU = Release|Any CPU
	EndGlobalSection
	GlobalSection(ProjectConfigurationPlatforms) = postSolution
		{6A1A7A87-F652-4E77-896B-C2F7ABD6682A}.Debug|Any CPU.ActiveCfg = Debug|Any CPU
		{6A1A7A87-F652-4E77-896B-C2F7ABD6682A}.Debug|Any CPU.Build.0 = Debug|Any CPU
		{6A1A7A87-F652-4E77-896B-C2F7ABD6682A}.Release|Any CPU.ActiveCfg = Release|Any CPU
		{6A1A7A87-F652-4E77-896B-C2F7ABD6682A}.Release|Any CPU.Build.0 = Release|Any CPU
		{0F7F1A08-3534-44E7-9FCA-25CD55521C34}.Debug|Any CPU.ActiveCfg = Debug|Any CPU
		{0F7F1A08-3534-44E7-9FCA-25CD55521C34}.Debug|Any CPU.Build.0 = Debug|Any CPU
		{0F7F1A08-3534-44E7-9FCA-25CD55521C34}.Release|Any CPU.ActiveCfg = Release|Any CPU
		{0F7F1A08-3534-44E7-9FCA-25CD55521C34}.Release|Any CPU.Build.0 = Release|Any CPU
	EndGlobalSection
	GlobalSection(SolutionProperties) = preSolution
		HideSolutionNode = FALSE
	EndGlobalSection
	GlobalSection(ExtensibilityGlobals) = postSolution
		SolutionGuid = {D4F8B4A5-0396-4856-A2B7-901A44DD642D}
	EndGlobalSection
EndGlobal
